// !$*UTF8*$!
{
	archiveVersion = 1;
	classes = {
	};
	objectVersion = 50;
	objects = {

/* Begin PBXBuildFile section */
		4EE2739E2598CF060056C3B3 /* AppDelegate.swift in Sources */ = {isa = PBXBuildFile; fileRef = 4EE2739D2598CF060056C3B3 /* AppDelegate.swift */; };
		4EE273A02598CF060056C3B3 /* SceneDelegate.swift in Sources */ = {isa = PBXBuildFile; fileRef = 4EE2739F2598CF060056C3B3 /* SceneDelegate.swift */; };
		4EE273A22598CF060056C3B3 /* ViewController.swift in Sources */ = {isa = PBXBuildFile; fileRef = 4EE273A12598CF060056C3B3 /* ViewController.swift */; };
		4EE273A52598CF060056C3B3 /* Main.storyboard in Resources */ = {isa = PBXBuildFile; fileRef = 4EE273A32598CF060056C3B3 /* Main.storyboard */; };
		4EE273A72598CF0C0056C3B3 /* Assets.xcassets in Resources */ = {isa = PBXBuildFile; fileRef = 4EE273A62598CF0C0056C3B3 /* Assets.xcassets */; };
		4EE273AA2598CF0C0056C3B3 /* LaunchScreen.storyboard in Resources */ = {isa = PBXBuildFile; fileRef = 4EE273A82598CF0C0056C3B3 /* LaunchScreen.storyboard */; };
		4EE273B52598CF0C0056C3B3 /* BillSpliterTests.swift in Sources */ = {isa = PBXBuildFile; fileRef = 4EE273B42598CF0C0056C3B3 /* BillSpliterTests.swift */; };
		4EE273C02598CF0D0056C3B3 /* BillSpliterUITests.swift in Sources */ = {isa = PBXBuildFile; fileRef = 4EE273BF2598CF0D0056C3B3 /* BillSpliterUITests.swift */; };
/* End PBXBuildFile section */

/* Begin PBXContainerItemProxy section */
		4EE273B12598CF0C0056C3B3 /* PBXContainerItemProxy */ = {
			isa = PBXContainerItemProxy;
			containerPortal = 4EE273922598CF060056C3B3 /* Project object */;
			proxyType = 1;
			remoteGlobalIDString = 4EE273992598CF060056C3B3;
			remoteInfo = BillSpliter;
		};
		4EE273BC2598CF0D0056C3B3 /* PBXContainerItemProxy */ = {
			isa = PBXContainerItemProxy;
			containerPortal = 4EE273922598CF060056C3B3 /* Project object */;
			proxyType = 1;
			remoteGlobalIDString = 4EE273992598CF060056C3B3;
			remoteInfo = BillSpliter;
		};
/* End PBXContainerItemProxy section */

/* Begin PBXFileReference section */
		4EE2739A2598CF060056C3B3 /* BillSpliter.app */ = {isa = PBXFileReference; explicitFileType = wrapper.application; includeInIndex = 0; path = BillSpliter.app; sourceTree = BUILT_PRODUCTS_DIR; };
		4EE2739D2598CF060056C3B3 /* AppDelegate.swift */ = {isa = PBXFileReference; lastKnownFileType = sourcecode.swift; path = AppDelegate.swift; sourceTree = "<group>"; };
		4EE2739F2598CF060056C3B3 /* SceneDelegate.swift */ = {isa = PBXFileReference; lastKnownFileType = sourcecode.swift; path = SceneDelegate.swift; sourceTree = "<group>"; };
		4EE273A12598CF060056C3B3 /* ViewController.swift */ = {isa = PBXFileReference; lastKnownFileType = sourcecode.swift; path = ViewController.swift; sourceTree = "<group>"; };
		4EE273A42598CF060056C3B3 /* Base */ = {isa = PBXFileReference; lastKnownFileType = file.storyboard; name = Base; path = Base.lproj/Main.storyboard; sourceTree = "<group>"; };
		4EE273A62598CF0C0056C3B3 /* Assets.xcassets */ = {isa = PBXFileReference; lastKnownFileType = folder.assetcatalog; path = Assets.xcassets; sourceTree = "<group>"; };
		4EE273A92598CF0C0056C3B3 /* Base */ = {isa = PBXFileReference; lastKnownFileType = file.storyboard; name = Base; path = Base.lproj/LaunchScreen.storyboard; sourceTree = "<group>"; };
		4EE273AB2598CF0C0056C3B3 /* Info.plist */ = {isa = PBXFileReference; lastKnownFileType = text.plist.xml; path = Info.plist; sourceTree = "<group>"; };
		4EE273B02598CF0C0056C3B3 /* BillSpliterTests.xctest */ = {isa = PBXFileReference; explicitFileType = wrapper.cfbundle; includeInIndex = 0; path = BillSpliterTests.xctest; sourceTree = BUILT_PRODUCTS_DIR; };
		4EE273B42598CF0C0056C3B3 /* BillSpliterTests.swift */ = {isa = PBXFileReference; lastKnownFileType = sourcecode.swift; path = BillSpliterTests.swift; sourceTree = "<group>"; };
		4EE273B62598CF0C0056C3B3 /* Info.plist */ = {isa = PBXFileReference; lastKnownFileType = text.plist.xml; path = Info.plist; sourceTree = "<group>"; };
		4EE273BB2598CF0D0056C3B3 /* BillSpliterUITests.xctest */ = {isa = PBXFileReference; explicitFileType = wrapper.cfbundle; includeInIndex = 0; path = BillSpliterUITests.xctest; sourceTree = BUILT_PRODUCTS_DIR; };
		4EE273BF2598CF0D0056C3B3 /* BillSpliterUITests.swift */ = {isa = PBXFileReference; lastKnownFileType = sourcecode.swift; path = BillSpliterUITests.swift; sourceTree = "<group>"; };
		4EE273C12598CF0D0056C3B3 /* Info.plist */ = {isa = PBXFileReference; lastKnownFileType = text.plist.xml; path = Info.plist; sourceTree = "<group>"; };
/* End PBXFileReference section */

/* Begin PBXFrameworksBuildPhase section */
		4EE273972598CF060056C3B3 /* Frameworks */ = {
			isa = PBXFrameworksBuildPhase;
			buildActionMask = 2147483647;
			files = (
			);
			runOnlyForDeploymentPostprocessing = 0;
		};
		4EE273AD2598CF0C0056C3B3 /* Frameworks */ = {
			isa = PBXFrameworksBuildPhase;
			buildActionMask = 2147483647;
			files = (
			);
			runOnlyForDeploymentPostprocessing = 0;
		};
		4EE273B82598CF0D0056C3B3 /* Frameworks */ = {
			isa = PBXFrameworksBuildPhase;
			buildActionMask = 2147483647;
			files = (
			);
			runOnlyForDeploymentPostprocessing = 0;
		};
/* End PBXFrameworksBuildPhase section */

/* Begin PBXGroup section */
		4EE273912598CF060056C3B3 = {
			isa = PBXGroup;
			children = (
				4EE2739C2598CF060056C3B3 /* BillSpliter */,
				4EE273B32598CF0C0056C3B3 /* BillSpliterTests */,
				4EE273BE2598CF0D0056C3B3 /* BillSpliterUITests */,
				4EE2739B2598CF060056C3B3 /* Products */,
			);
			sourceTree = "<group>";
		};
		4EE2739B2598CF060056C3B3 /* Products */ = {
			isa = PBXGroup;
			children = (
				4EE2739A2598CF060056C3B3 /* BillSpliter.app */,
				4EE273B02598CF0C0056C3B3 /* BillSpliterTests.xctest */,
				4EE273BB2598CF0D0056C3B3 /* BillSpliterUITests.xctest */,
			);
			name = Products;
			sourceTree = "<group>";
		};
		4EE2739C2598CF060056C3B3 /* BillSpliter */ = {
			isa = PBXGroup;
			children = (
				4EE2739D2598CF060056C3B3 /* AppDelegate.swift */,
				4EE2739F2598CF060056C3B3 /* SceneDelegate.swift */,
				4EE273A12598CF060056C3B3 /* ViewController.swift */,
				4EE273A32598CF060056C3B3 /* Main.storyboard */,
				4EE273A62598CF0C0056C3B3 /* Assets.xcassets */,
				4EE273A82598CF0C0056C3B3 /* LaunchScreen.storyboard */,
				4EE273AB2598CF0C0056C3B3 /* Info.plist */,
			);
			path = BillSpliter;
			sourceTree = "<group>";
		};
		4EE273B32598CF0C0056C3B3 /* BillSpliterTests */ = {
			isa = PBXGroup;
			children = (
				4EE273B42598CF0C0056C3B3 /* BillSpliterTests.swift */,
				4EE273B62598CF0C0056C3B3 /* Info.plist */,
			);
			path = BillSpliterTests;
			sourceTree = "<group>";
		};
		4EE273BE2598CF0D0056C3B3 /* BillSpliterUITests */ = {
			isa = PBXGroup;
			children = (
				4EE273BF2598CF0D0056C3B3 /* BillSpliterUITests.swift */,
				4EE273C12598CF0D0056C3B3 /* Info.plist */,
			);
			path = BillSpliterUITests;
			sourceTree = "<group>";
		};
/* End PBXGroup section */

/* Begin PBXNativeTarget section */
		4EE273992598CF060056C3B3 /* BillSpliter */ = {
			isa = PBXNativeTarget;
			buildConfigurationList = 4EE273C42598CF0D0056C3B3 /* Build configuration list for PBXNativeTarget "BillSpliter" */;
			buildPhases = (
				4EE273962598CF060056C3B3 /* Sources */,
				4EE273972598CF060056C3B3 /* Frameworks */,
				4EE273982598CF060056C3B3 /* Resources */,
			);
			buildRules = (
			);
			dependencies = (
			);
			name = BillSpliter;
			productName = BillSpliter;
			productReference = 4EE2739A2598CF060056C3B3 /* BillSpliter.app */;
			productType = "com.apple.product-type.application";
		};
		4EE273AF2598CF0C0056C3B3 /* BillSpliterTests */ = {
			isa = PBXNativeTarget;
			buildConfigurationList = 4EE273C72598CF0D0056C3B3 /* Build configuration list for PBXNativeTarget "BillSpliterTests" */;
			buildPhases = (
				4EE273AC2598CF0C0056C3B3 /* Sources */,
				4EE273AD2598CF0C0056C3B3 /* Frameworks */,
				4EE273AE2598CF0C0056C3B3 /* Resources */,
			);
			buildRules = (
			);
			dependencies = (
				4EE273B22598CF0C0056C3B3 /* PBXTargetDependency */,
			);
			name = BillSpliterTests;
			productName = BillSpliterTests;
			productReference = 4EE273B02598CF0C0056C3B3 /* BillSpliterTests.xctest */;
			productType = "com.apple.product-type.bundle.unit-test";
		};
		4EE273BA2598CF0D0056C3B3 /* BillSpliterUITests */ = {
			isa = PBXNativeTarget;
			buildConfigurationList = 4EE273CA2598CF0D0056C3B3 /* Build configuration list for PBXNativeTarget "BillSpliterUITests" */;
			buildPhases = (
				4EE273B72598CF0D0056C3B3 /* Sources */,
				4EE273B82598CF0D0056C3B3 /* Frameworks */,
				4EE273B92598CF0D0056C3B3 /* Resources */,
			);
			buildRules = (
			);
			dependencies = (
				4EE273BD2598CF0D0056C3B3 /* PBXTargetDependency */,
			);
			name = BillSpliterUITests;
			productName = BillSpliterUITests;
			productReference = 4EE273BB2598CF0D0056C3B3 /* BillSpliterUITests.xctest */;
			productType = "com.apple.product-type.bundle.ui-testing";
		};
/* End PBXNativeTarget section */

/* Begin PBXProject section */
		4EE273922598CF060056C3B3 /* Project object */ = {
			isa = PBXProject;
			attributes = {
				LastSwiftUpdateCheck = 1220;
				LastUpgradeCheck = 1220;
				TargetAttributes = {
					4EE273992598CF060056C3B3 = {
						CreatedOnToolsVersion = 12.2;
					};
					4EE273AF2598CF0C0056C3B3 = {
						CreatedOnToolsVersion = 12.2;
						TestTargetID = 4EE273992598CF060056C3B3;
					};
					4EE273BA2598CF0D0056C3B3 = {
						CreatedOnToolsVersion = 12.2;
						TestTargetID = 4EE273992598CF060056C3B3;
					};
				};
			};
			buildConfigurationList = 4EE273952598CF060056C3B3 /* Build configuration list for PBXProject "BillSpliter" */;
			compatibilityVersion = "Xcode 9.3";
			developmentRegion = en;
			hasScannedForEncodings = 0;
			knownRegions = (
				en,
				Base,
			);
			mainGroup = 4EE273912598CF060056C3B3;
			productRefGroup = 4EE2739B2598CF060056C3B3 /* Products */;
			projectDirPath = "";
			projectRoot = "";
			targets = (
				4EE273992598CF060056C3B3 /* BillSpliter */,
				4EE273AF2598CF0C0056C3B3 /* BillSpliterTests */,
				4EE273BA2598CF0D0056C3B3 /* BillSpliterUITests */,
			);
		};
/* End PBXProject section */

/* Begin PBXResourcesBuildPhase section */
		4EE273982598CF060056C3B3 /* Resources */ = {
			isa = PBXResourcesBuildPhase;
			buildActionMask = 2147483647;
			files = (
				4EE273AA2598CF0C0056C3B3 /* LaunchScreen.storyboard in Resources */,
				4EE273A72598CF0C0056C3B3 /* Assets.xcassets in Resources */,
				4EE273A52598CF060056C3B3 /* Main.storyboard in Resources */,
			);
			runOnlyForDeploymentPostprocessing = 0;
		};
		4EE273AE2598CF0C0056C3B3 /* Resources */ = {
			isa = PBXResourcesBuildPhase;
			buildActionMask = 2147483647;
			files = (
			);
			runOnlyForDeploymentPostprocessing = 0;
		};
		4EE273B92598CF0D0056C3B3 /* Resources */ = {
			isa = PBXResourcesBuildPhase;
			buildActionMask = 2147483647;
			files = (
			);
			runOnlyForDeploymentPostprocessing = 0;
		};
/* End PBXResourcesBuildPhase section */

/* Begin PBXSourcesBuildPhase section */
		4EE273962598CF060056C3B3 /* Sources */ = {
			isa = PBXSourcesBuildPhase;
			buildActionMask = 2147483647;
			files = (
				4EE273A22598CF060056C3B3 /* ViewController.swift in Sources */,
				4EE2739E2598CF060056C3B3 /* AppDelegate.swift in Sources */,
				4EE273A02598CF060056C3B3 /* SceneDelegate.swift in Sources */,
			);
			runOnlyForDeploymentPostprocessing = 0;
		};
		4EE273AC2598CF0C0056C3B3 /* Sources */ = {
			isa = PBXSourcesBuildPhase;
			buildActionMask = 2147483647;
			files = (
				4EE273B52598CF0C0056C3B3 /* BillSpliterTests.swift in Sources */,
			);
			runOnlyForDeploymentPostprocessing = 0;
		};
		4EE273B72598CF0D0056C3B3 /* Sources */ = {
			isa = PBXSourcesBuildPhase;
			buildActionMask = 2147483647;
			files = (
				4EE273C02598CF0D0056C3B3 /* BillSpliterUITests.swift in Sources */,
			);
			runOnlyForDeploymentPostprocessing = 0;
		};
/* End PBXSourcesBuildPhase section */

/* Begin PBXTargetDependency section */
		4EE273B22598CF0C0056C3B3 /* PBXTargetDependency */ = {
			isa = PBXTargetDependency;
			target = 4EE273992598CF060056C3B3 /* BillSpliter */;
			targetProxy = 4EE273B12598CF0C0056C3B3 /* PBXContainerItemProxy */;
		};
		4EE273BD2598CF0D0056C3B3 /* PBXTargetDependency */ = {
			isa = PBXTargetDependency;
			target = 4EE273992598CF060056C3B3 /* BillSpliter */;
			targetProxy = 4EE273BC2598CF0D0056C3B3 /* PBXContainerItemProxy */;
		};
/* End PBXTargetDependency section */

/* Begin PBXVariantGroup section */
		4EE273A32598CF060056C3B3 /* Main.storyboard */ = {
			isa = PBXVariantGroup;
			children = (
				4EE273A42598CF060056C3B3 /* Base */,
			);
			name = Main.storyboard;
			sourceTree = "<group>";
		};
		4EE273A82598CF0C0056C3B3 /* LaunchScreen.storyboard */ = {
			isa = PBXVariantGroup;
			children = (
				4EE273A92598CF0C0056C3B3 /* Base */,
			);
			name = LaunchScreen.storyboard;
			sourceTree = "<group>";
		};
/* End PBXVariantGroup section */

/* Begin XCBuildConfiguration section */
		4EE273C22598CF0D0056C3B3 /* Debug */ = {
			isa = XCBuildConfiguration;
			buildSettings = {
				ALWAYS_SEARCH_USER_PATHS = NO;
				CLANG_ANALYZER_NONNULL = YES;
				CLANG_ANALYZER_NUMBER_OBJECT_CONVERSION = YES_AGGRESSIVE;
				CLANG_CXX_LANGUAGE_STANDARD = "gnu++14";
				CLANG_CXX_LIBRARY = "libc++";
				CLANG_ENABLE_MODULES = YES;
				CLANG_ENABLE_OBJC_ARC = YES;
				CLANG_ENABLE_OBJC_WEAK = YES;
				CLANG_WARN_BLOCK_CAPTURE_AUTORELEASING = YES;
				CLANG_WARN_BOOL_CONVERSION = YES;
				CLANG_WARN_COMMA = YES;
				CLANG_WARN_CONSTANT_CONVERSION = YES;
				CLANG_WARN_DEPRECATED_OBJC_IMPLEMENTATIONS = YES;
				CLANG_WARN_DIRECT_OBJC_ISA_USAGE = YES_ERROR;
				CLANG_WARN_DOCUMENTATION_COMMENTS = YES;
				CLANG_WARN_EMPTY_BODY = YES;
				CLANG_WARN_ENUM_CONVERSION = YES;
				CLANG_WARN_INFINITE_RECURSION = YES;
				CLANG_WARN_INT_CONVERSION = YES;
				CLANG_WARN_NON_LITERAL_NULL_CONVERSION = YES;
				CLANG_WARN_OBJC_IMPLICIT_RETAIN_SELF = YES;
				CLANG_WARN_OBJC_LITERAL_CONVERSION = YES;
				CLANG_WARN_OBJC_ROOT_CLASS = YES_ERROR;
				CLANG_WARN_QUOTED_INCLUDE_IN_FRAMEWORK_HEADER = YES;
				CLANG_WARN_RANGE_LOOP_ANALYSIS = YES;
				CLANG_WARN_STRICT_PROTOTYPES = YES;
				CLANG_WARN_SUSPICIOUS_MOVE = YES;
				CLANG_WARN_UNGUARDED_AVAILABILITY = YES_AGGRESSIVE;
				CLANG_WARN_UNREACHABLE_CODE = YES;
				CLANG_WARN__DUPLICATE_METHOD_MATCH = YES;
				COPY_PHASE_STRIP = NO;
				DEBUG_INFORMATION_FORMAT = dwarf;
				ENABLE_STRICT_OBJC_MSGSEND = YES;
				ENABLE_TESTABILITY = YES;
				GCC_C_LANGUAGE_STANDARD = gnu11;
				GCC_DYNAMIC_NO_PIC = NO;
				GCC_NO_COMMON_BLOCKS = YES;
				GCC_OPTIMIZATION_LEVEL = 0;
				GCC_PREPROCESSOR_DEFINITIONS = (
					"DEBUG=1",
					"$(inherited)",
				);
				GCC_WARN_64_TO_32_BIT_CONVERSION = YES;
				GCC_WARN_ABOUT_RETURN_TYPE = YES_ERROR;
				GCC_WARN_UNDECLARED_SELECTOR = YES;
				GCC_WARN_UNINITIALIZED_AUTOS = YES_AGGRESSIVE;
				GCC_WARN_UNUSED_FUNCTION = YES;
				GCC_WARN_UNUSED_VARIABLE = YES;
				IPHONEOS_DEPLOYMENT_TARGET = 14.2;
				MTL_ENABLE_DEBUG_INFO = INCLUDE_SOURCE;
				MTL_FAST_MATH = YES;
				ONLY_ACTIVE_ARCH = YES;
				SDKROOT = iphoneos;
				SWIFT_ACTIVE_COMPILATION_CONDITIONS = DEBUG;
				SWIFT_OPTIMIZATION_LEVEL = "-Onone";
			};
			name = Debug;
		};
		4EE273C32598CF0D0056C3B3 /* Release */ = {
			isa = XCBuildConfiguration;
			buildSettings = {
				ALWAYS_SEARCH_USER_PATHS = NO;
				CLANG_ANALYZER_NONNULL = YES;
				CLANG_ANALYZER_NUMBER_OBJECT_CONVERSION = YES_AGGRESSIVE;
				CLANG_CXX_LANGUAGE_STANDARD = "gnu++14";
				CLANG_CXX_LIBRARY = "libc++";
				CLANG_ENABLE_MODULES = YES;
				CLANG_ENABLE_OBJC_ARC = YES;
				CLANG_ENABLE_OBJC_WEAK = YES;
				CLANG_WARN_BLOCK_CAPTURE_AUTORELEASING = YES;
				CLANG_WARN_BOOL_CONVERSION = YES;
				CLANG_WARN_COMMA = YES;
				CLANG_WARN_CONSTANT_CONVERSION = YES;
				CLANG_WARN_DEPRECATED_OBJC_IMPLEMENTATIONS = YES;
				CLANG_WARN_DIRECT_OBJC_ISA_USAGE = YES_ERROR;
				CLANG_WARN_DOCUMENTATION_COMMENTS = YES;
				CLANG_WARN_EMPTY_BODY = YES;
				CLANG_WARN_ENUM_CONVERSION = YES;
				CLANG_WARN_INFINITE_RECURSION = YES;
				CLANG_WARN_INT_CONVERSION = YES;
				CLANG_WARN_NON_LITERAL_NULL_CONVERSION = YES;
				CLANG_WARN_OBJC_IMPLICIT_RETAIN_SELF = YES;
				CLANG_WARN_OBJC_LITERAL_CONVERSION = YES;
				CLANG_WARN_OBJC_ROOT_CLASS = YES_ERROR;
				CLANG_WARN_QUOTED_INCLUDE_IN_FRAMEWORK_HEADER = YES;
				CLANG_WARN_RANGE_LOOP_ANALYSIS = YES;
				CLANG_WARN_STRICT_PROTOTYPES = YES;
				CLANG_WARN_SUSPICIOUS_MOVE = YES;
				CLANG_WARN_UNGUARDED_AVAILABILITY = YES_AGGRESSIVE;
				CLANG_WARN_UNREACHABLE_CODE = YES;
				CLANG_WARN__DUPLICATE_METHOD_MATCH = YES;
				COPY_PHASE_STRIP = NO;
				DEBUG_INFORMATION_FORMAT = "dwarf-with-dsym";
				ENABLE_NS_ASSERTIONS = NO;
				ENABLE_STRICT_OBJC_MSGSEND = YES;
				GCC_C_LANGUAGE_STANDARD = gnu11;
				GCC_NO_COMMON_BLOCKS = YES;
				GCC_WARN_64_TO_32_BIT_CONVERSION = YES;
				GCC_WARN_ABOUT_RETURN_TYPE = YES_ERROR;
				GCC_WARN_UNDECLARED_SELECTOR = YES;
				GCC_WARN_UNINITIALIZED_AUTOS = YES_AGGRESSIVE;
				GCC_WARN_UNUSED_FUNCTION = YES;
				GCC_WARN_UNUSED_VARIABLE = YES;
				IPHONEOS_DEPLOYMENT_TARGET = 14.2;
				MTL_ENABLE_DEBUG_INFO = NO;
				MTL_FAST_MATH = YES;
				SDKROOT = iphoneos;
				SWIFT_COMPILATION_MODE = wholemodule;
				SWIFT_OPTIMIZATION_LEVEL = "-O";
				VALIDATE_PRODUCT = YES;
			};
			name = Release;
		};
		4EE273C52598CF0D0056C3B3 /* Debug */ = {
			isa = XCBuildConfiguration;
			buildSettings = {
				ASSETCATALOG_COMPILER_APPICON_NAME = AppIcon;
				ASSETCATALOG_COMPILER_GLOBAL_ACCENT_COLOR_NAME = AccentColor;
				CODE_SIGN_STYLE = Automatic;
				DEVELOPMENT_TEAM = V7GM8G5V55;
				INFOPLIST_FILE = BillSpliter/Info.plist;
				LD_RUNPATH_SEARCH_PATHS = (
					"$(inherited)",
					"@executable_path/Frameworks",
				);
				PRODUCT_BUNDLE_IDENTIFIER = com.joaovictoripiraja.BillSpliter;
				PRODUCT_NAME = "$(TARGET_NAME)";
				SWIFT_VERSION = 5.0;
				TARGETED_DEVICE_FAMILY = "1,2";
			};
			name = Debug;
		};
		4EE273C62598CF0D0056C3B3 /* Release */ = {
			isa = XCBuildConfiguration;
			buildSettings = {
				ASSETCATALOG_COMPILER_APPICON_NAME = AppIcon;
				ASSETCATALOG_COMPILER_GLOBAL_ACCENT_COLOR_NAME = AccentColor;
				CODE_SIGN_STYLE = Automatic;
				DEVELOPMENT_TEAM = V7GM8G5V55;
				INFOPLIST_FILE = BillSpliter/Info.plist;
				LD_RUNPATH_SEARCH_PATHS = (
					"$(inherited)",
					"@executable_path/Frameworks",
				);
				PRODUCT_BUNDLE_IDENTIFIER = com.joaovictoripiraja.BillSpliter;
				PRODUCT_NAME = "$(TARGET_NAME)";
				SWIFT_VERSION = 5.0;
				TARGETED_DEVICE_FAMILY = "1,2";
			};
			name = Release;
		};
		4EE273C82598CF0D0056C3B3 /* Debug */ = {
			isa = XCBuildConfiguration;
			buildSettings = {
				ALWAYS_EMBED_SWIFT_STANDARD_LIBRARIES = YES;
				BUNDLE_LOADER = "$(TEST_HOST)";
				CODE_SIGN_STYLE = Automatic;
				DEVELOPMENT_TEAM = V7GM8G5V55;
				INFOPLIST_FILE = BillSpliterTests/Info.plist;
				IPHONEOS_DEPLOYMENT_TARGET = 14.2;
				LD_RUNPATH_SEARCH_PATHS = (
					"$(inherited)",
					"@executable_path/Frameworks",
					"@loader_path/Frameworks",
				);
				PRODUCT_BUNDLE_IDENTIFIER = com.joaovictoripiraja.BillSpliterTests;
				PRODUCT_NAME = "$(TARGET_NAME)";
				SWIFT_VERSION = 5.0;
				TARGETED_DEVICE_FAMILY = "1,2";
				TEST_HOST = "$(BUILT_PRODUCTS_DIR)/BillSpliter.app/BillSpliter";
			};
			name = Debug;
		};
		4EE273C92598CF0D0056C3B3 /* Release */ = {
			isa = XCBuildConfiguration;
			buildSettings = {
				ALWAYS_EMBED_SWIFT_STANDARD_LIBRARIES = YES;
				BUNDLE_LOADER = "$(TEST_HOST)";
				CODE_SIGN_STYLE = Automatic;
				DEVELOPMENT_TEAM = V7GM8G5V55;
				INFOPLIST_FILE = BillSpliterTests/Info.plist;
				IPHONEOS_DEPLOYMENT_TARGET = 14.2;
				LD_RUNPATH_SEARCH_PATHS = (
					"$(inherited)",
					"@executable_path/Frameworks",
					"@loader_path/Frameworks",
				);
				PRODUCT_BUNDLE_IDENTIFIER = com.joaovictoripiraja.BillSpliterTests;
				PRODUCT_NAME = "$(TARGET_NAME)";
				SWIFT_VERSION = 5.0;
				TARGETED_DEVICE_FAMILY = "1,2";
				TEST_HOST = "$(BUILT_PRODUCTS_DIR)/BillSpliter.app/BillSpliter";
			};
			name = Release;
		};
		4EE273CB2598CF0D0056C3B3 /* Debug */ = {
			isa = XCBuildConfiguration;
			buildSettings = {
				ALWAYS_EMBED_SWIFT_STANDARD_LIBRARIES = YES;
				CODE_SIGN_STYLE = Automatic;
				DEVELOPMENT_TEAM = V7GM8G5V55;
				INFOPLIST_FILE = BillSpliterUITests/Info.plist;
				LD_RUNPATH_SEARCH_PATHS = (
					"$(inherited)",
					"@executable_path/Frameworks",
					"@loader_path/Frameworks",
				);
				PRODUCT_BUNDLE_IDENTIFIER = com.joaovictoripiraja.BillSpliterUITests;
				PRODUCT_NAME = "$(TARGET_NAME)";
				SWIFT_VERSION = 5.0;
				TARGETED_DEVICE_FAMILY = "1,2";
				TEST_TARGET_NAME = BillSpliter;
			};
			name = Debug;
		};
		4EE273CC2598CF0D0056C3B3 /* Release */ = {
			isa = XCBuildConfiguration;
			buildSettings = {
				ALWAYS_EMBED_SWIFT_STANDARD_LIBRARIES = YES;
				CODE_SIGN_STYLE = Automatic;
				DEVELOPMENT_TEAM = V7GM8G5V55;
				INFOPLIST_FILE = BillSpliterUITests/Info.plist;
				LD_RUNPATH_SEARCH_PATHS = (
					"$(inherited)",
					"@executable_path/Frameworks",
					"@loader_path/Frameworks",
				);
				PRODUCT_BUNDLE_IDENTIFIER = com.joaovictoripiraja.BillSpliterUITests;
				PRODUCT_NAME = "$(TARGET_NAME)";
				SWIFT_VERSION = 5.0;
				TARGETED_DEVICE_FAMILY = "1,2";
				TEST_TARGET_NAME = BillSpliter;
			};
			name = Release;
		};
/* End XCBuildConfiguration section */

/* Begin XCConfigurationList section */
		4EE273952598CF060056C3B3 /* Build configuration list for PBXProject "BillSpliter" */ = {
			isa = XCConfigurationList;
			buildConfigurations = (
				4EE273C22598CF0D0056C3B3 /* Debug */,
				4EE273C32598CF0D0056C3B3 /* Release */,
			);
			defaultConfigurationIsVisible = 0;
			defaultConfigurationName = Release;
		};
		4EE273C42598CF0D0056C3B3 /* Build configuration list for PBXNativeTarget "BillSpliter" */ = {
			isa = XCConfigurationList;
			buildConfigurations = (
				4EE273C52598CF0D0056C3B3 /* Debug */,
				4EE273C62598CF0D0056C3B3 /* Release */,
			);
			defaultConfigurationIsVisible = 0;
			defaultConfigurationName = Release;
		};
		4EE273C72598CF0D0056C3B3 /* Build configuration list for PBXNativeTarget "BillSpliterTests" */ = {
			isa = XCConfigurationList;
			buildConfigurations = (
				4EE273C82598CF0D0056C3B3 /* Debug */,
				4EE273C92598CF0D0056C3B3 /* Release */,
			);
			defaultConfigurationIsVisible = 0;
			defaultConfigurationName = Release;
		};
		4EE273CA2598CF0D0056C3B3 /* Build configuration list for PBXNativeTarget "BillSpliterUITests" */ = {
			isa = XCConfigurationList;
			buildConfigurations = (
				4EE273CB2598CF0D0056C3B3 /* Debug */,
				4EE273CC2598CF0D0056C3B3 /* Release */,
			);
			defaultConfigurationIsVisible = 0;
			defaultConfigurationName = Release;
		};
/* End XCConfigurationList section */
	};
	rootObject = 4EE273922598CF060056C3B3 /* Project object */;
}
